
Microsoft Visual Studio Solution File, Format Version 12.00
# Visual Studio Version 17
VisualStudioVersion = 17.4.33213.308
MinimumVisualStudioVersion = 10.0.40219.1
Project("{FAE04EC0-301F-11D3-BF4B-00C04F79EFBC}") = "XD-2023", "XD-2023.csproj", "{F5194428-CEAE-467B-9D5E-6522100B8069}"
EndProject
Global
	GlobalSection(SolutionConfigurationPlatforms) = preSolution
		Debug|Any CPU = Debug|Any CPU
		Release|Any CPU = Release|Any CPU
	EndGlobalSection
	GlobalSection(ProjectConfigurationPlatforms) = postSolution
		{F5194428-CEAE-467B-9D5E-6522100B8069}.Debug|Any CPU.ActiveCfg = Debug|Any CPU
		{F5194428-CEAE-467B-9D5E-6522100B8069}.Debug|Any CPU.Build.0 = Debug|Any CPU
		{F5194428-CEAE-467B-9D5E-6522100B8069}.Release|Any CPU.ActiveCfg = Release|Any CPU
		{F5194428-CEAE-467B-9D5E-6522100B8069}.Release|Any CPU.Build.0 = Release|Any CPU
	EndGlobalSection
	GlobalSection(SolutionProperties) = preSolution
		HideSolutionNode = FALSE
	EndGlobalSection
	GlobalSection(ExtensibilityGlobals) = postSolution
		SolutionGuid = {CF62D2C5-051B-4559-B0C2-DAC7C83AB50B}
	EndGlobalSection
EndGlobal
